// !$*UTF8*$!
{
	archiveVersion = 1;
	classes = {
	};
	objectVersion = 48;
	objects = {

/* Begin PBXBuildFile section */
		AA373570205235ED0032F619 /* AppDelegate.swift in Sources */ = {isa = PBXBuildFile; fileRef = AA37356F205235ED0032F619 /* AppDelegate.swift */; };
		AA373572205235ED0032F619 /* DdHomeViewController.swift in Sources */ = {isa = PBXBuildFile; fileRef = AA373571205235ED0032F619 /* DdHomeViewController.swift */; };
		AA373575205235ED0032F619 /* Main.storyboard in Resources */ = {isa = PBXBuildFile; fileRef = AA373573205235ED0032F619 /* Main.storyboard */; };
		AA373577205235ED0032F619 /* Assets.xcassets in Resources */ = {isa = PBXBuildFile; fileRef = AA373576205235ED0032F619 /* Assets.xcassets */; };
		AA37357A205235ED0032F619 /* LaunchScreen.storyboard in Resources */ = {isa = PBXBuildFile; fileRef = AA373578205235ED0032F619 /* LaunchScreen.storyboard */; };
		AA373585205237B40032F619 /* DdConstants.swift in Sources */ = {isa = PBXBuildFile; fileRef = AA373584205237B40032F619 /* DdConstants.swift */; };
		AA373588205237FE0032F619 /* DdPhoto.swift in Sources */ = {isa = PBXBuildFile; fileRef = AA373587205237FE0032F619 /* DdPhoto.swift */; };
		AA37358A205238800032F619 /* DdUser.swift in Sources */ = {isa = PBXBuildFile; fileRef = AA373589205238800032F619 /* DdUser.swift */; };
		AA37358C205238A50032F619 /* DdCollection.swift in Sources */ = {isa = PBXBuildFile; fileRef = AA37358B205238A50032F619 /* DdCollection.swift */; };
		AA373593205239080032F619 /* DdApi.swift in Sources */ = {isa = PBXBuildFile; fileRef = AA37358F205239080032F619 /* DdApi.swift */; };
		AA373594205239080032F619 /* DdApiConstant.swift in Sources */ = {isa = PBXBuildFile; fileRef = AA373590205239080032F619 /* DdApiConstant.swift */; };
		AA373595205239080032F619 /* DdApiRequestor.swift in Sources */ = {isa = PBXBuildFile; fileRef = AA373591205239080032F619 /* DdApiRequestor.swift */; };
		AA373596205239080032F619 /* DdApiRequest.swift in Sources */ = {isa = PBXBuildFile; fileRef = AA373592205239080032F619 /* DdApiRequest.swift */; };
		AA37359D205241C90032F619 /* ViewControllerLogic.swift in Sources */ = {isa = PBXBuildFile; fileRef = AA37359C205241C90032F619 /* ViewControllerLogic.swift */; };
		AA3735A0205247F30032F619 /* DdImageCollectionViewCell.swift in Sources */ = {isa = PBXBuildFile; fileRef = AA37359F205247F30032F619 /* DdImageCollectionViewCell.swift */; };
		AA3735A220524B520032F619 /* DdPhotoInteractor.swift in Sources */ = {isa = PBXBuildFile; fileRef = AA3735A120524B520032F619 /* DdPhotoInteractor.swift */; };
		AA44422520527D1100C61C48 /* DdGuiConstants.swift in Sources */ = {isa = PBXBuildFile; fileRef = AA44422420527D1100C61C48 /* DdGuiConstants.swift */; };
		AA4442272052814100C61C48 /* DdHomePresentor.swift in Sources */ = {isa = PBXBuildFile; fileRef = AA4442262052814100C61C48 /* DdHomePresentor.swift */; };
		AA4442292052880F00C61C48 /* DdPhotoFlowLayout.swift in Sources */ = {isa = PBXBuildFile; fileRef = AA4442282052880F00C61C48 /* DdPhotoFlowLayout.swift */; };
		C1E3489F079B44049282E4DE /* Pods_DefideDemo.framework in Frameworks */ = {isa = PBXBuildFile; fileRef = 8CA80B031A757BB357CF9B27 /* Pods_DefideDemo.framework */; };
/* End PBXBuildFile section */

/* Begin PBXFileReference section */
		268D0EC9D8D8AA35D54F582A /* Pods-DefideDemo.release.xcconfig */ = {isa = PBXFileReference; includeInIndex = 1; lastKnownFileType = text.xcconfig; name = "Pods-DefideDemo.release.xcconfig"; path = "Pods/Target Support Files/Pods-DefideDemo/Pods-DefideDemo.release.xcconfig"; sourceTree = "<group>"; };
		8CA80B031A757BB357CF9B27 /* Pods_DefideDemo.framework */ = {isa = PBXFileReference; explicitFileType = wrapper.framework; includeInIndex = 0; path = Pods_DefideDemo.framework; sourceTree = BUILT_PRODUCTS_DIR; };
		9D167F832010C4A0B9D970EF /* Pods-DefideDemo.debug.xcconfig */ = {isa = PBXFileReference; includeInIndex = 1; lastKnownFileType = text.xcconfig; name = "Pods-DefideDemo.debug.xcconfig"; path = "Pods/Target Support Files/Pods-DefideDemo/Pods-DefideDemo.debug.xcconfig"; sourceTree = "<group>"; };
		AA37356C205235ED0032F619 /* DefideDemo.app */ = {isa = PBXFileReference; explicitFileType = wrapper.application; includeInIndex = 0; path = DefideDemo.app; sourceTree = BUILT_PRODUCTS_DIR; };
		AA37356F205235ED0032F619 /* AppDelegate.swift */ = {isa = PBXFileReference; lastKnownFileType = sourcecode.swift; path = AppDelegate.swift; sourceTree = "<group>"; };
		AA373571205235ED0032F619 /* DdHomeViewController.swift */ = {isa = PBXFileReference; lastKnownFileType = sourcecode.swift; path = DdHomeViewController.swift; sourceTree = "<group>"; };
		AA373574205235ED0032F619 /* Base */ = {isa = PBXFileReference; lastKnownFileType = file.storyboard; name = Base; path = Base.lproj/Main.storyboard; sourceTree = "<group>"; };
		AA373576205235ED0032F619 /* Assets.xcassets */ = {isa = PBXFileReference; lastKnownFileType = folder.assetcatalog; path = Assets.xcassets; sourceTree = "<group>"; };
		AA373579205235ED0032F619 /* Base */ = {isa = PBXFileReference; lastKnownFileType = file.storyboard; name = Base; path = Base.lproj/LaunchScreen.storyboard; sourceTree = "<group>"; };
		AA37357B205235ED0032F619 /* Info.plist */ = {isa = PBXFileReference; lastKnownFileType = text.plist.xml; path = Info.plist; sourceTree = "<group>"; };
		AA373584205237B40032F619 /* DdConstants.swift */ = {isa = PBXFileReference; lastKnownFileType = sourcecode.swift; path = DdConstants.swift; sourceTree = "<group>"; };
		AA373587205237FE0032F619 /* DdPhoto.swift */ = {isa = PBXFileReference; lastKnownFileType = sourcecode.swift; path = DdPhoto.swift; sourceTree = "<group>"; };
		AA373589205238800032F619 /* DdUser.swift */ = {isa = PBXFileReference; lastKnownFileType = sourcecode.swift; path = DdUser.swift; sourceTree = "<group>"; };
		AA37358B205238A50032F619 /* DdCollection.swift */ = {isa = PBXFileReference; lastKnownFileType = sourcecode.swift; path = DdCollection.swift; sourceTree = "<group>"; };
		AA37358F205239080032F619 /* DdApi.swift */ = {isa = PBXFileReference; fileEncoding = 4; lastKnownFileType = sourcecode.swift; path = DdApi.swift; sourceTree = "<group>"; };
		AA373590205239080032F619 /* DdApiConstant.swift */ = {isa = PBXFileReference; fileEncoding = 4; lastKnownFileType = sourcecode.swift; path = DdApiConstant.swift; sourceTree = "<group>"; };
		AA373591205239080032F619 /* DdApiRequestor.swift */ = {isa = PBXFileReference; fileEncoding = 4; lastKnownFileType = sourcecode.swift; path = DdApiRequestor.swift; sourceTree = "<group>"; };
		AA373592205239080032F619 /* DdApiRequest.swift */ = {isa = PBXFileReference; fileEncoding = 4; lastKnownFileType = sourcecode.swift; path = DdApiRequest.swift; sourceTree = "<group>"; };
		AA37359C205241C90032F619 /* ViewControllerLogic.swift */ = {isa = PBXFileReference; fileEncoding = 4; lastKnownFileType = sourcecode.swift; path = ViewControllerLogic.swift; sourceTree = "<group>"; };
		AA37359F205247F30032F619 /* DdImageCollectionViewCell.swift */ = {isa = PBXFileReference; lastKnownFileType = sourcecode.swift; path = DdImageCollectionViewCell.swift; sourceTree = "<group>"; };
		AA3735A120524B520032F619 /* DdPhotoInteractor.swift */ = {isa = PBXFileReference; lastKnownFileType = sourcecode.swift; path = DdPhotoInteractor.swift; sourceTree = "<group>"; };
		AA44422420527D1100C61C48 /* DdGuiConstants.swift */ = {isa = PBXFileReference; lastKnownFileType = sourcecode.swift; path = DdGuiConstants.swift; sourceTree = "<group>"; };
		AA4442262052814100C61C48 /* DdHomePresentor.swift */ = {isa = PBXFileReference; lastKnownFileType = sourcecode.swift; path = DdHomePresentor.swift; sourceTree = "<group>"; };
		AA4442282052880F00C61C48 /* DdPhotoFlowLayout.swift */ = {isa = PBXFileReference; lastKnownFileType = sourcecode.swift; path = DdPhotoFlowLayout.swift; sourceTree = "<group>"; };
/* End PBXFileReference section */

/* Begin PBXFrameworksBuildPhase section */
		AA373569205235ED0032F619 /* Frameworks */ = {
			isa = PBXFrameworksBuildPhase;
			buildActionMask = 2147483647;
			files = (
				C1E3489F079B44049282E4DE /* Pods_DefideDemo.framework in Frameworks */,
			);
			runOnlyForDeploymentPostprocessing = 0;
		};
/* End PBXFrameworksBuildPhase section */

/* Begin PBXGroup section */
		6B4B8B9ED9404D4CB1F1E79B /* Pods */ = {
			isa = PBXGroup;
			children = (
				9D167F832010C4A0B9D970EF /* Pods-DefideDemo.debug.xcconfig */,
				268D0EC9D8D8AA35D54F582A /* Pods-DefideDemo.release.xcconfig */,
			);
			name = Pods;
			sourceTree = "<group>";
		};
		AA373563205235ED0032F619 = {
			isa = PBXGroup;
			children = (
				AA37356E205235ED0032F619 /* DefideDemo */,
				AA37356D205235ED0032F619 /* Products */,
				6B4B8B9ED9404D4CB1F1E79B /* Pods */,
				FFEAB5101F984437ED172D45 /* Frameworks */,
			);
			sourceTree = "<group>";
		};
		AA37356D205235ED0032F619 /* Products */ = {
			isa = PBXGroup;
			children = (
				AA37356C205235ED0032F619 /* DefideDemo.app */,
			);
			name = Products;
			sourceTree = "<group>";
		};
		AA37356E205235ED0032F619 /* DefideDemo */ = {
			isa = PBXGroup;
			children = (
				AA3735832052379B0032F619 /* Constants */,
				AA37358D205238D80032F619 /* DataStore */,
				AA373586205237D90032F619 /* Entity */,
				AA37359820523A5D0032F619 /* Interactor */,
				AA373582205237950032F619 /* VPR */,
				AA3735812052377B0032F619 /* Resources */,
				AA37356F205235ED0032F619 /* AppDelegate.swift */,
				AA37357B205235ED0032F619 /* Info.plist */,
			);
			path = DefideDemo;
			sourceTree = "<group>";
		};
		AA3735812052377B0032F619 /* Resources */ = {
			isa = PBXGroup;
			children = (
				AA373597205239BA0032F619 /* Storyboards */,
				AA373576205235ED0032F619 /* Assets.xcassets */,
			);
			path = Resources;
			sourceTree = "<group>";
		};
		AA373582205237950032F619 /* VPR */ = {
			isa = PBXGroup;
			children = (
				AA44422320527CFD00C61C48 /* Constants */,
				AA37359B205241BC0032F619 /* Base */,
				AA37359A205241B40032F619 /* Home */,
			);
			path = VPR;
			sourceTree = "<group>";
		};
		AA3735832052379B0032F619 /* Constants */ = {
			isa = PBXGroup;
			children = (
				AA373584205237B40032F619 /* DdConstants.swift */,
			);
			path = Constants;
			sourceTree = "<group>";
		};
		AA373586205237D90032F619 /* Entity */ = {
			isa = PBXGroup;
			children = (
				AA373587205237FE0032F619 /* DdPhoto.swift */,
				AA373589205238800032F619 /* DdUser.swift */,
				AA37358B205238A50032F619 /* DdCollection.swift */,
			);
			path = Entity;
			sourceTree = "<group>";
		};
		AA37358D205238D80032F619 /* DataStore */ = {
			isa = PBXGroup;
			children = (
				AA37358E205239010032F619 /* API */,
			);
			path = DataStore;
			sourceTree = "<group>";
		};
		AA37358E205239010032F619 /* API */ = {
			isa = PBXGroup;
			children = (
				AA373590205239080032F619 /* DdApiConstant.swift */,
				AA373592205239080032F619 /* DdApiRequest.swift */,
				AA373591205239080032F619 /* DdApiRequestor.swift */,
				AA37358F205239080032F619 /* DdApi.swift */,
			);
			path = API;
			sourceTree = "<group>";
		};
		AA373597205239BA0032F619 /* Storyboards */ = {
			isa = PBXGroup;
			children = (
				AA373573205235ED0032F619 /* Main.storyboard */,
				AA373578205235ED0032F619 /* LaunchScreen.storyboard */,
			);
			path = Storyboards;
			sourceTree = "<group>";
		};
		AA37359820523A5D0032F619 /* Interactor */ = {
			isa = PBXGroup;
			children = (
				AA3735A120524B520032F619 /* DdPhotoInteractor.swift */,
			);
			path = Interactor;
			sourceTree = "<group>";
		};
		AA37359A205241B40032F619 /* Home */ = {
			isa = PBXGroup;
			children = (
				AA37359E205247DF0032F619 /* Collection View */,
				AA373571205235ED0032F619 /* DdHomeViewController.swift */,
				AA4442262052814100C61C48 /* DdHomePresentor.swift */,
			);
			path = Home;
			sourceTree = "<group>";
		};
		AA37359B205241BC0032F619 /* Base */ = {
			isa = PBXGroup;
			children = (
				AA37359C205241C90032F619 /* ViewControllerLogic.swift */,
			);
			path = Base;
			sourceTree = "<group>";
		};
		AA37359E205247DF0032F619 /* Collection View */ = {
			isa = PBXGroup;
			children = (
				AA37359F205247F30032F619 /* DdImageCollectionViewCell.swift */,
				AA4442282052880F00C61C48 /* DdPhotoFlowLayout.swift */,
			);
			path = "Collection View";
			sourceTree = "<group>";
		};
		AA44422320527CFD00C61C48 /* Constants */ = {
			isa = PBXGroup;
			children = (
				AA44422420527D1100C61C48 /* DdGuiConstants.swift */,
			);
			path = Constants;
			sourceTree = "<group>";
		};
		FFEAB5101F984437ED172D45 /* Frameworks */ = {
			isa = PBXGroup;
			children = (
				8CA80B031A757BB357CF9B27 /* Pods_DefideDemo.framework */,
			);
			name = Frameworks;
			sourceTree = "<group>";
		};
/* End PBXGroup section */

/* Begin PBXNativeTarget section */
		AA37356B205235ED0032F619 /* DefideDemo */ = {
			isa = PBXNativeTarget;
			buildConfigurationList = AA37357E205235ED0032F619 /* Build configuration list for PBXNativeTarget "DefideDemo" */;
			buildPhases = (
				23C06FAF05583F7CEDF51528 /* [CP] Check Pods Manifest.lock */,
				AA373568205235ED0032F619 /* Sources */,
				AA373569205235ED0032F619 /* Frameworks */,
				AA37356A205235ED0032F619 /* Resources */,
				8461063853518F21C872183F /* [CP] Embed Pods Frameworks */,
				E9E61E63862066F3ECC1FEB5 /* [CP] Copy Pods Resources */,
			);
			buildRules = (
			);
			dependencies = (
			);
			name = DefideDemo;
			productName = DefideDemo;
			productReference = AA37356C205235ED0032F619 /* DefideDemo.app */;
			productType = "com.apple.product-type.application";
		};
/* End PBXNativeTarget section */

/* Begin PBXProject section */
		AA373564205235ED0032F619 /* Project object */ = {
			isa = PBXProject;
			attributes = {
				CLASSPREFIX = Dd;
				LastSwiftUpdateCheck = 0920;
				LastUpgradeCheck = 0920;
				ORGANIZATIONNAME = Kei;
				TargetAttributes = {
					AA37356B205235ED0032F619 = {
						CreatedOnToolsVersion = 9.2;
						ProvisioningStyle = Automatic;
					};
				};
			};
			buildConfigurationList = AA373567205235ED0032F619 /* Build configuration list for PBXProject "DefideDemo" */;
			compatibilityVersion = "Xcode 8.0";
			developmentRegion = en;
			hasScannedForEncodings = 0;
			knownRegions = (
				en,
				Base,
			);
			mainGroup = AA373563205235ED0032F619;
			productRefGroup = AA37356D205235ED0032F619 /* Products */;
			projectDirPath = "";
			projectRoot = "";
			targets = (
				AA37356B205235ED0032F619 /* DefideDemo */,
			);
		};
/* End PBXProject section */

/* Begin PBXResourcesBuildPhase section */
		AA37356A205235ED0032F619 /* Resources */ = {
			isa = PBXResourcesBuildPhase;
			buildActionMask = 2147483647;
			files = (
				AA37357A205235ED0032F619 /* LaunchScreen.storyboard in Resources */,
				AA373577205235ED0032F619 /* Assets.xcassets in Resources */,
				AA373575205235ED0032F619 /* Main.storyboard in Resources */,
			);
			runOnlyForDeploymentPostprocessing = 0;
		};
/* End PBXResourcesBuildPhase section */

/* Begin PBXShellScriptBuildPhase section */
		23C06FAF05583F7CEDF51528 /* [CP] Check Pods Manifest.lock */ = {
			isa = PBXShellScriptBuildPhase;
			buildActionMask = 2147483647;
			files = (
			);
			inputPaths = (
				"${PODS_PODFILE_DIR_PATH}/Podfile.lock",
				"${PODS_ROOT}/Manifest.lock",
			);
			name = "[CP] Check Pods Manifest.lock";
			outputPaths = (
				"$(DERIVED_FILE_DIR)/Pods-DefideDemo-checkManifestLockResult.txt",
			);
			runOnlyForDeploymentPostprocessing = 0;
			shellPath = /bin/sh;
			shellScript = "diff \"${PODS_PODFILE_DIR_PATH}/Podfile.lock\" \"${PODS_ROOT}/Manifest.lock\" > /dev/null\nif [ $? != 0 ] ; then\n    # print error to STDERR\n    echo \"error: The sandbox is not in sync with the Podfile.lock. Run 'pod install' or update your CocoaPods installation.\" >&2\n    exit 1\nfi\n# This output is used by Xcode 'outputs' to avoid re-running this script phase.\necho \"SUCCESS\" > \"${SCRIPT_OUTPUT_FILE_0}\"\n";
			showEnvVarsInLog = 0;
		};
		8461063853518F21C872183F /* [CP] Embed Pods Frameworks */ = {
			isa = PBXShellScriptBuildPhase;
			buildActionMask = 2147483647;
			files = (
			);
			inputPaths = (
				"${SRCROOT}/Pods/Target Support Files/Pods-DefideDemo/Pods-DefideDemo-frameworks.sh",
				"${BUILT_PRODUCTS_DIR}/Alamofire/Alamofire.framework",
				"${BUILT_PRODUCTS_DIR}/AlamofireImage/AlamofireImage.framework",
				"${BUILT_PRODUCTS_DIR}/SwiftyJSON/SwiftyJSON.framework",
			);
			name = "[CP] Embed Pods Frameworks";
			outputPaths = (
				"${TARGET_BUILD_DIR}/${FRAMEWORKS_FOLDER_PATH}/Alamofire.framework",
				"${TARGET_BUILD_DIR}/${FRAMEWORKS_FOLDER_PATH}/AlamofireImage.framework",
				"${TARGET_BUILD_DIR}/${FRAMEWORKS_FOLDER_PATH}/SwiftyJSON.framework",
			);
			runOnlyForDeploymentPostprocessing = 0;
			shellPath = /bin/sh;
			shellScript = "\"${SRCROOT}/Pods/Target Support Files/Pods-DefideDemo/Pods-DefideDemo-frameworks.sh\"\n";
			showEnvVarsInLog = 0;
		};
		E9E61E63862066F3ECC1FEB5 /* [CP] Copy Pods Resources */ = {
			isa = PBXShellScriptBuildPhase;
			buildActionMask = 2147483647;
			files = (
			);
			inputPaths = (
			);
			name = "[CP] Copy Pods Resources";
			outputPaths = (
			);
			runOnlyForDeploymentPostprocessing = 0;
			shellPath = /bin/sh;
			shellScript = "\"${SRCROOT}/Pods/Target Support Files/Pods-DefideDemo/Pods-DefideDemo-resources.sh\"\n";
			showEnvVarsInLog = 0;
		};
/* End PBXShellScriptBuildPhase section */

/* Begin PBXSourcesBuildPhase section */
		AA373568205235ED0032F619 /* Sources */ = {
			isa = PBXSourcesBuildPhase;
			buildActionMask = 2147483647;
			files = (
				AA373594205239080032F619 /* DdApiConstant.swift in Sources */,
				AA37358A205238800032F619 /* DdUser.swift in Sources */,
				AA373596205239080032F619 /* DdApiRequest.swift in Sources */,
				AA373595205239080032F619 /* DdApiRequestor.swift in Sources */,
				AA37358C205238A50032F619 /* DdCollection.swift in Sources */,
				AA373593205239080032F619 /* DdApi.swift in Sources */,
				AA37359D205241C90032F619 /* ViewControllerLogic.swift in Sources */,
				AA44422520527D1100C61C48 /* DdGuiConstants.swift in Sources */,
				AA3735A220524B520032F619 /* DdPhotoInteractor.swift in Sources */,
				AA373585205237B40032F619 /* DdConstants.swift in Sources */,
				AA4442292052880F00C61C48 /* DdPhotoFlowLayout.swift in Sources */,
				AA3735A0205247F30032F619 /* DdImageCollectionViewCell.swift in Sources */,
				AA4442272052814100C61C48 /* DdHomePresentor.swift in Sources */,
				AA373572205235ED0032F619 /* DdHomeViewController.swift in Sources */,
				AA373588205237FE0032F619 /* DdPhoto.swift in Sources */,
				AA373570205235ED0032F619 /* AppDelegate.swift in Sources */,
			);
			runOnlyForDeploymentPostprocessing = 0;
		};
/* End PBXSourcesBuildPhase section */

/* Begin PBXVariantGroup section */
		AA373573205235ED0032F619 /* Main.storyboard */ = {
			isa = PBXVariantGroup;
			children = (
				AA373574205235ED0032F619 /* Base */,
			);
			name = Main.storyboard;
			sourceTree = "<group>";
		};
		AA373578205235ED0032F619 /* LaunchScreen.storyboard */ = {
			isa = PBXVariantGroup;
			children = (
				AA373579205235ED0032F619 /* Base */,
			);
			name = LaunchScreen.storyboard;
			sourceTree = "<group>";
		};
/* End PBXVariantGroup section */

/* Begin XCBuildConfiguration section */
		AA37357C205235ED0032F619 /* Debug */ = {
			isa = XCBuildConfiguration;
			buildSettings = {
				ALWAYS_SEARCH_USER_PATHS = NO;
				CLANG_ANALYZER_NONNULL = YES;
				CLANG_ANALYZER_NUMBER_OBJECT_CONVERSION = YES_AGGRESSIVE;
				CLANG_CXX_LANGUAGE_STANDARD = "gnu++14";
				CLANG_CXX_LIBRARY = "libc++";
				CLANG_ENABLE_MODULES = YES;
				CLANG_ENABLE_OBJC_ARC = YES;
				CLANG_WARN_BLOCK_CAPTURE_AUTORELEASING = YES;
				CLANG_WARN_BOOL_CONVERSION = YES;
				CLANG_WARN_COMMA = YES;
				CLANG_WARN_CONSTANT_CONVERSION = YES;
				CLANG_WARN_DIRECT_OBJC_ISA_USAGE = YES_ERROR;
				CLANG_WARN_DOCUMENTATION_COMMENTS = YES;
				CLANG_WARN_EMPTY_BODY = YES;
				CLANG_WARN_ENUM_CONVERSION = YES;
				CLANG_WARN_INFINITE_RECURSION = YES;
				CLANG_WARN_INT_CONVERSION = YES;
				CLANG_WARN_NON_LITERAL_NULL_CONVERSION = YES;
				CLANG_WARN_OBJC_LITERAL_CONVERSION = YES;
				CLANG_WARN_OBJC_ROOT_CLASS = YES_ERROR;
				CLANG_WARN_RANGE_LOOP_ANALYSIS = YES;
				CLANG_WARN_STRICT_PROTOTYPES = YES;
				CLANG_WARN_SUSPICIOUS_MOVE = YES;
				CLANG_WARN_UNGUARDED_AVAILABILITY = YES_AGGRESSIVE;
				CLANG_WARN_UNREACHABLE_CODE = YES;
				CLANG_WARN__DUPLICATE_METHOD_MATCH = YES;
				CODE_SIGN_IDENTITY = "iPhone Developer";
				COPY_PHASE_STRIP = NO;
				DEBUG_INFORMATION_FORMAT = dwarf;
				ENABLE_STRICT_OBJC_MSGSEND = YES;
				ENABLE_TESTABILITY = YES;
				GCC_C_LANGUAGE_STANDARD = gnu11;
				GCC_DYNAMIC_NO_PIC = NO;
				GCC_NO_COMMON_BLOCKS = YES;
				GCC_OPTIMIZATION_LEVEL = 0;
				GCC_PREPROCESSOR_DEFINITIONS = (
					"DEBUG=1",
					"$(inherited)",
				);
				GCC_WARN_64_TO_32_BIT_CONVERSION = YES;
				GCC_WARN_ABOUT_RETURN_TYPE = YES_ERROR;
				GCC_WARN_UNDECLARED_SELECTOR = YES;
				GCC_WARN_UNINITIALIZED_AUTOS = YES_AGGRESSIVE;
				GCC_WARN_UNUSED_FUNCTION = YES;
				GCC_WARN_UNUSED_VARIABLE = YES;
				IPHONEOS_DEPLOYMENT_TARGET = 11.2;
				MTL_ENABLE_DEBUG_INFO = YES;
				ONLY_ACTIVE_ARCH = YES;
				SDKROOT = iphoneos;
				SWIFT_ACTIVE_COMPILATION_CONDITIONS = DEBUG;
				SWIFT_OPTIMIZATION_LEVEL = "-Onone";
			};
			name = Debug;
		};
		AA37357D205235ED0032F619 /* Release */ = {
			isa = XCBuildConfiguration;
			buildSettings = {
				ALWAYS_SEARCH_USER_PATHS = NO;
				CLANG_ANALYZER_NONNULL = YES;
				CLANG_ANALYZER_NUMBER_OBJECT_CONVERSION = YES_AGGRESSIVE;
				CLANG_CXX_LANGUAGE_STANDARD = "gnu++14";
				CLANG_CXX_LIBRARY = "libc++";
				CLANG_ENABLE_MODULES = YES;
				CLANG_ENABLE_OBJC_ARC = YES;
				CLANG_WARN_BLOCK_CAPTURE_AUTORELEASING = YES;
				CLANG_WARN_BOOL_CONVERSION = YES;
				CLANG_WARN_COMMA = YES;
				CLANG_WARN_CONSTANT_CONVERSION = YES;
				CLANG_WARN_DIRECT_OBJC_ISA_USAGE = YES_ERROR;
				CLANG_WARN_DOCUMENTATION_COMMENTS = YES;
				CLANG_WARN_EMPTY_BODY = YES;
				CLANG_WARN_ENUM_CONVERSION = YES;
				CLANG_WARN_INFINITE_RECURSION = YES;
				CLANG_WARN_INT_CONVERSION = YES;
				CLANG_WARN_NON_LITERAL_NULL_CONVERSION = YES;
				CLANG_WARN_OBJC_LITERAL_CONVERSION = YES;
				CLANG_WARN_OBJC_ROOT_CLASS = YES_ERROR;
				CLANG_WARN_RANGE_LOOP_ANALYSIS = YES;
				CLANG_WARN_STRICT_PROTOTYPES = YES;
				CLANG_WARN_SUSPICIOUS_MOVE = YES;
				CLANG_WARN_UNGUARDED_AVAILABILITY = YES_AGGRESSIVE;
				CLANG_WARN_UNREACHABLE_CODE = YES;
				CLANG_WARN__DUPLICATE_METHOD_MATCH = YES;
				CODE_SIGN_IDENTITY = "iPhone Developer";
				COPY_PHASE_STRIP = NO;
				DEBUG_INFORMATION_FORMAT = "dwarf-with-dsym";
				ENABLE_NS_ASSERTIONS = NO;
				ENABLE_STRICT_OBJC_MSGSEND = YES;
				GCC_C_LANGUAGE_STANDARD = gnu11;
				GCC_NO_COMMON_BLOCKS = YES;
				GCC_WARN_64_TO_32_BIT_CONVERSION = YES;
				GCC_WARN_ABOUT_RETURN_TYPE = YES_ERROR;
				GCC_WARN_UNDECLARED_SELECTOR = YES;
				GCC_WARN_UNINITIALIZED_AUTOS = YES_AGGRESSIVE;
				GCC_WARN_UNUSED_FUNCTION = YES;
				GCC_WARN_UNUSED_VARIABLE = YES;
				IPHONEOS_DEPLOYMENT_TARGET = 11.2;
				MTL_ENABLE_DEBUG_INFO = NO;
				SDKROOT = iphoneos;
				SWIFT_OPTIMIZATION_LEVEL = "-Owholemodule";
				VALIDATE_PRODUCT = YES;
			};
			name = Release;
		};
		AA37357F205235ED0032F619 /* Debug */ = {
			isa = XCBuildConfiguration;
			baseConfigurationReference = 9D167F832010C4A0B9D970EF /* Pods-DefideDemo.debug.xcconfig */;
			buildSettings = {
				ASSETCATALOG_COMPILER_APPICON_NAME = AppIcon;
				CODE_SIGN_STYLE = Automatic;
				DEVELOPMENT_TEAM = 93W3ZP6K6Y;
				INFOPLIST_FILE = DefideDemo/Info.plist;
				IPHONEOS_DEPLOYMENT_TARGET = 9.0;
				LD_RUNPATH_SEARCH_PATHS = "$(inherited) @executable_path/Frameworks";
				PRODUCT_BUNDLE_IDENTIFIER = com.kei.DefideDemo;
				PRODUCT_NAME = "$(TARGET_NAME)";
				SWIFT_VERSION = 4.0;
				TARGETED_DEVICE_FAMILY = "1,2";
			};
			name = Debug;
		};
		AA373580205235ED0032F619 /* Release */ = {
			isa = XCBuildConfiguration;
			baseConfigurationReference = 268D0EC9D8D8AA35D54F582A /* Pods-DefideDemo.release.xcconfig */;
			buildSettings = {
				ASSETCATALOG_COMPILER_APPICON_NAME = AppIcon;
				CODE_SIGN_STYLE = Automatic;
				DEVELOPMENT_TEAM = 93W3ZP6K6Y;
				INFOPLIST_FILE = DefideDemo/Info.plist;
				IPHONEOS_DEPLOYMENT_TARGET = 9.0;
				LD_RUNPATH_SEARCH_PATHS = "$(inherited) @executable_path/Frameworks";
				PRODUCT_BUNDLE_IDENTIFIER = com.kei.DefideDemo;
				PRODUCT_NAME = "$(TARGET_NAME)";
				SWIFT_VERSION = 4.0;
				TARGETED_DEVICE_FAMILY = "1,2";
			};
			name = Release;
		};
/* End XCBuildConfiguration section */

/* Begin XCConfigurationList section */
		AA373567205235ED0032F619 /* Build configuration list for PBXProject "DefideDemo" */ = {
			isa = XCConfigurationList;
			buildConfigurations = (
				AA37357C205235ED0032F619 /* Debug */,
				AA37357D205235ED0032F619 /* Release */,
			);
			defaultConfigurationIsVisible = 0;
			defaultConfigurationName = Release;
		};
		AA37357E205235ED0032F619 /* Build configuration list for PBXNativeTarget "DefideDemo" */ = {
			isa = XCConfigurationList;
			buildConfigurations = (
				AA37357F205235ED0032F619 /* Debug */,
				AA373580205235ED0032F619 /* Release */,
			);
			defaultConfigurationIsVisible = 0;
			defaultConfigurationName = Release;
		};
/* End XCConfigurationList section */
	};
	rootObject = AA373564205235ED0032F619 /* Project object */;
}
